// !$*UTF8*$!
{
	archiveVersion = 1;
	classes = {
	};
	objectVersion = 60;
	objects = {

/* Begin PBXBuildFile section */
		048E7C662C2F08B500B653F4 /* RootView.swift in Sources */ = {isa = PBXBuildFile; fileRef = 048E7C652C2F08B500B653F4 /* RootView.swift */; };
		048E7C682C2F08EA00B653F4 /* SettingsView.swift in Sources */ = {isa = PBXBuildFile; fileRef = 048E7C672C2F08EA00B653F4 /* SettingsView.swift */; };
		048E7C6C2C2F3C6000B653F4 /* FriendsView.swift in Sources */ = {isa = PBXBuildFile; fileRef = 048E7C6B2C2F3C6000B653F4 /* FriendsView.swift */; };
		048E7C6E2C2F3CE900B653F4 /* ChallengeSubmissionView.swift in Sources */ = {isa = PBXBuildFile; fileRef = 048E7C6D2C2F3CE900B653F4 /* ChallengeSubmissionView.swift */; };
		0E2E59262D11C80B006A3F95 /* Challenge.swift in Sources */ = {isa = PBXBuildFile; fileRef = 0E2E59252D11C80B006A3F95 /* Challenge.swift */; };
		0E2E59292D11C82D006A3F95 /* ChallengeService.swift in Sources */ = {isa = PBXBuildFile; fileRef = 0E2E59282D11C82D006A3F95 /* ChallengeService.swift */; };
		0E2E592B2D11C958006A3F95 /* MockChallengeService.swift in Sources */ = {isa = PBXBuildFile; fileRef = 0E2E592A2D11C958006A3F95 /* MockChallengeService.swift */; };
		0E35E7512D11CFF30003B857 /* TodayChallengeViewModel.swift in Sources */ = {isa = PBXBuildFile; fileRef = 0E35E7502D11CFF30003B857 /* TodayChallengeViewModel.swift */; };
		0E35E7532D11D00B0003B857 /* TodayChallengeView.swift in Sources */ = {isa = PBXBuildFile; fileRef = 0E35E7522D11D00B0003B857 /* TodayChallengeView.swift */; };
		0E35E7612D11D75C0003B857 /* Mocks.swift in Sources */ = {isa = PBXBuildFile; fileRef = 0E35E7602D11D75C0003B857 /* Mocks.swift */; };
		0E35E7632D11E5430003B857 /* ParticipationState.swift in Sources */ = {isa = PBXBuildFile; fileRef = 0E35E7622D11E5430003B857 /* ParticipationState.swift */; };
		0E35E7652D11E54F0003B857 /* Participation.swift in Sources */ = {isa = PBXBuildFile; fileRef = 0E35E7642D11E54F0003B857 /* Participation.swift */; };
		0E35E7672D121B440003B857 /* PolaroidCircleView.swift in Sources */ = {isa = PBXBuildFile; fileRef = 0E35E7662D121B440003B857 /* PolaroidCircleView.swift */; };
		0E35E76A2D12388E0003B857 /* HapticManager.swift in Sources */ = {isa = PBXBuildFile; fileRef = 0E35E7692D12388E0003B857 /* HapticManager.swift */; };
		0E35E76C2D123B110003B857 /* HapticManaging.swift in Sources */ = {isa = PBXBuildFile; fileRef = 0E35E76B2D123B110003B857 /* HapticManaging.swift */; };
		0E35E76F2D123BC60003B857 /* PolaroidFrame.swift in Sources */ = {isa = PBXBuildFile; fileRef = 0E35E76E2D123BC60003B857 /* PolaroidFrame.swift */; };
		0E35E7762D12C44D0003B857 /* FormatChallengeTimeUseCase.swift in Sources */ = {isa = PBXBuildFile; fileRef = 0E35E7752D12C44D0003B857 /* FormatChallengeTimeUseCase.swift */; };
		0E35E7792D12D1460003B857 /* NetworkClient in Frameworks */ = {isa = PBXBuildFile; productRef = 0E35E7782D12D1460003B857 /* NetworkClient */; };
		0E35E77B2D12D23C0003B857 /* UnsplashImage.swift in Sources */ = {isa = PBXBuildFile; fileRef = 0E35E77A2D12D23C0003B857 /* UnsplashImage.swift */; };
		0E35E77D2D12D7E60003B857 /* DiscoverViewModel.swift in Sources */ = {isa = PBXBuildFile; fileRef = 0E35E77C2D12D7E60003B857 /* DiscoverViewModel.swift */; };
		0E35E77F2D12DB1A0003B857 /* DiscoverView.swift in Sources */ = {isa = PBXBuildFile; fileRef = 0E35E77E2D12DB1A0003B857 /* DiscoverView.swift */; };
		0E35E7892D12F8EA0003B857 /* CachedAsyncImage.swift in Sources */ = {isa = PBXBuildFile; fileRef = 0E35E7882D12F8EA0003B857 /* CachedAsyncImage.swift */; };
		0E35E78D2D1301B20003B857 /* CustomSegmentedControl.swift in Sources */ = {isa = PBXBuildFile; fileRef = 0E35E78C2D1301B20003B857 /* CustomSegmentedControl.swift */; };
		0E35E78F2D1301C30003B857 /* CustomSegmentItem.swift in Sources */ = {isa = PBXBuildFile; fileRef = 0E35E78E2D1301C30003B857 /* CustomSegmentItem.swift */; };
		0E35E7912D1302500003B857 /* MosaicSegmentedDemo.swift in Sources */ = {isa = PBXBuildFile; fileRef = 0E35E7902D1302500003B857 /* MosaicSegmentedDemo.swift */; };
		0E4F464D2D1336D400BB74F6 /* HomeTab.swift in Sources */ = {isa = PBXBuildFile; fileRef = 0E4F464C2D1336D400BB74F6 /* HomeTab.swift */; };
		0E4F46502D13370E00BB74F6 /* HomeViewModel.swift in Sources */ = {isa = PBXBuildFile; fileRef = 0E4F464F2D13370E00BB74F6 /* HomeViewModel.swift */; };
		0E4F46532D13373300BB74F6 /* HomeView.swift in Sources */ = {isa = PBXBuildFile; fileRef = 0E4F46522D13373300BB74F6 /* HomeView.swift */; };
		0E4F46652D133C5E00BB74F6 /* ErrorView.swift in Sources */ = {isa = PBXBuildFile; fileRef = 0E4F465E2D133C5E00BB74F6 /* ErrorView.swift */; };
		0E4F46662D133C5E00BB74F6 /* ChallengeInfoView.swift in Sources */ = {isa = PBXBuildFile; fileRef = 0E4F465D2D133C5E00BB74F6 /* ChallengeInfoView.swift */; };
		0E4F46672D133C5E00BB74F6 /* ParticipationsGridView.swift in Sources */ = {isa = PBXBuildFile; fileRef = 0E4F46602D133C5E00BB74F6 /* ParticipationsGridView.swift */; };
		0E4F46682D133C5E00BB74F6 /* ParticipateButton.swift in Sources */ = {isa = PBXBuildFile; fileRef = 0E4F465F2D133C5E00BB74F6 /* ParticipateButton.swift */; };
		0E4F46692D133C5E00BB74F6 /* PreviousChallengeHeader.swift in Sources */ = {isa = PBXBuildFile; fileRef = 0E4F46612D133C5E00BB74F6 /* PreviousChallengeHeader.swift */; };
		0E4F466A2D133C5E00BB74F6 /* TimeRemainingView.swift in Sources */ = {isa = PBXBuildFile; fileRef = 0E4F46622D133C5E00BB74F6 /* TimeRemainingView.swift */; };
		0E4F46702D133CCE00BB74F6 /* InfiniteScrollModifier.swift in Sources */ = {isa = PBXBuildFile; fileRef = 0E4F466D2D133CCE00BB74F6 /* InfiniteScrollModifier.swift */; };
		0E4F46712D133CCE00BB74F6 /* MasonryLayout.swift in Sources */ = {isa = PBXBuildFile; fileRef = 0E4F466B2D133CCE00BB74F6 /* MasonryLayout.swift */; };
		0E4F46742D133FF500BB74F6 /* Tab.swift in Sources */ = {isa = PBXBuildFile; fileRef = 0E4F46732D133FF500BB74F6 /* Tab.swift */; };
		0E4F46762D13407D00BB74F6 /* ExplorerView.swift in Sources */ = {isa = PBXBuildFile; fileRef = 0E4F46752D13407D00BB74F6 /* ExplorerView.swift */; };
		14374FB22B989FD500131332 /* New_Apps_TestApp.swift in Sources */ = {isa = PBXBuildFile; fileRef = 14374FB12B989FD500131332 /* New_Apps_TestApp.swift */; };
		14374FB62B989FD700131332 /* Assets.xcassets in Resources */ = {isa = PBXBuildFile; fileRef = 14374FB52B989FD700131332 /* Assets.xcassets */; };
		14374FBA2B989FD700131332 /* Preview Assets.xcassets in Resources */ = {isa = PBXBuildFile; fileRef = 14374FB92B989FD700131332 /* Preview Assets.xcassets */; };
		14374FC42B989FD700131332 /* New_Apps_TestTests.swift in Sources */ = {isa = PBXBuildFile; fileRef = 14374FC32B989FD700131332 /* New_Apps_TestTests.swift */; };
		14374FCE2B989FD700131332 /* New_Apps_TestUITests.swift in Sources */ = {isa = PBXBuildFile; fileRef = 14374FCD2B989FD700131332 /* New_Apps_TestUITests.swift */; };
		14374FD02B989FD700131332 /* New_Apps_TestUITestsLaunchTests.swift in Sources */ = {isa = PBXBuildFile; fileRef = 14374FCF2B989FD700131332 /* New_Apps_TestUITestsLaunchTests.swift */; };
		14374FDD2B98A02600131332 /* UnsplashService.swift in Sources */ = {isa = PBXBuildFile; fileRef = 14374FDC2B98A02600131332 /* UnsplashService.swift */; };
		14BEC9952C2DC39B009D8493 /* ThreadChatView.swift in Sources */ = {isa = PBXBuildFile; fileRef = 14BEC9942C2DC39B009D8493 /* ThreadChatView.swift */; };
		14BEC9972C2DC3B5009D8493 /* User.swift in Sources */ = {isa = PBXBuildFile; fileRef = 14BEC9962C2DC3B5009D8493 /* User.swift */; };
		14BEC9992C2DC3D6009D8493 /* Thread.swift in Sources */ = {isa = PBXBuildFile; fileRef = 14BEC9982C2DC3D6009D8493 /* Thread.swift */; };
		14BEC99B2C2DC3E1009D8493 /* SharedPhoto.swift in Sources */ = {isa = PBXBuildFile; fileRef = 14BEC99A2C2DC3E1009D8493 /* SharedPhoto.swift */; };
		14E2F7362B9F6385007CCA2C /* ChatService.swift in Sources */ = {isa = PBXBuildFile; fileRef = 14E2F7352B9F6385007CCA2C /* ChatService.swift */; };
/* End PBXBuildFile section */

/* Begin PBXContainerItemProxy section */
		14374FC02B989FD700131332 /* PBXContainerItemProxy */ = {
			isa = PBXContainerItemProxy;
			containerPortal = 14374FA62B989FD500131332 /* Project object */;
			proxyType = 1;
			remoteGlobalIDString = 14374FAD2B989FD500131332;
			remoteInfo = "New Apps Test";
		};
		14374FCA2B989FD700131332 /* PBXContainerItemProxy */ = {
			isa = PBXContainerItemProxy;
			containerPortal = 14374FA62B989FD500131332 /* Project object */;
			proxyType = 1;
			remoteGlobalIDString = 14374FAD2B989FD500131332;
			remoteInfo = "New Apps Test";
		};
/* End PBXContainerItemProxy section */

/* Begin PBXFileReference section */
		048E7C652C2F08B500B653F4 /* RootView.swift */ = {isa = PBXFileReference; lastKnownFileType = sourcecode.swift; path = RootView.swift; sourceTree = "<group>"; };
		048E7C672C2F08EA00B653F4 /* SettingsView.swift */ = {isa = PBXFileReference; lastKnownFileType = sourcecode.swift; path = SettingsView.swift; sourceTree = "<group>"; };
		048E7C6B2C2F3C6000B653F4 /* FriendsView.swift */ = {isa = PBXFileReference; lastKnownFileType = sourcecode.swift; path = FriendsView.swift; sourceTree = "<group>"; };
		048E7C6D2C2F3CE900B653F4 /* ChallengeSubmissionView.swift */ = {isa = PBXFileReference; lastKnownFileType = sourcecode.swift; path = ChallengeSubmissionView.swift; sourceTree = "<group>"; };
		0E2E59252D11C80B006A3F95 /* Challenge.swift */ = {isa = PBXFileReference; lastKnownFileType = sourcecode.swift; path = Challenge.swift; sourceTree = "<group>"; };
		0E2E59282D11C82D006A3F95 /* ChallengeService.swift */ = {isa = PBXFileReference; lastKnownFileType = sourcecode.swift; path = ChallengeService.swift; sourceTree = "<group>"; };
		0E2E592A2D11C958006A3F95 /* MockChallengeService.swift */ = {isa = PBXFileReference; lastKnownFileType = sourcecode.swift; path = MockChallengeService.swift; sourceTree = "<group>"; };
		0E35E7502D11CFF30003B857 /* TodayChallengeViewModel.swift */ = {isa = PBXFileReference; lastKnownFileType = sourcecode.swift; path = TodayChallengeViewModel.swift; sourceTree = "<group>"; };
		0E35E7522D11D00B0003B857 /* TodayChallengeView.swift */ = {isa = PBXFileReference; lastKnownFileType = sourcecode.swift; path = TodayChallengeView.swift; sourceTree = "<group>"; };
		0E35E7602D11D75C0003B857 /* Mocks.swift */ = {isa = PBXFileReference; lastKnownFileType = sourcecode.swift; path = Mocks.swift; sourceTree = "<group>"; };
		0E35E7622D11E5430003B857 /* ParticipationState.swift */ = {isa = PBXFileReference; lastKnownFileType = sourcecode.swift; path = ParticipationState.swift; sourceTree = "<group>"; };
		0E35E7642D11E54F0003B857 /* Participation.swift */ = {isa = PBXFileReference; lastKnownFileType = sourcecode.swift; path = Participation.swift; sourceTree = "<group>"; };
		0E35E7662D121B440003B857 /* PolaroidCircleView.swift */ = {isa = PBXFileReference; lastKnownFileType = sourcecode.swift; path = PolaroidCircleView.swift; sourceTree = "<group>"; };
		0E35E7692D12388E0003B857 /* HapticManager.swift */ = {isa = PBXFileReference; lastKnownFileType = sourcecode.swift; path = HapticManager.swift; sourceTree = "<group>"; };
		0E35E76B2D123B110003B857 /* HapticManaging.swift */ = {isa = PBXFileReference; lastKnownFileType = sourcecode.swift; path = HapticManaging.swift; sourceTree = "<group>"; };
		0E35E76E2D123BC60003B857 /* PolaroidFrame.swift */ = {isa = PBXFileReference; lastKnownFileType = sourcecode.swift; path = PolaroidFrame.swift; sourceTree = "<group>"; };
		0E35E7752D12C44D0003B857 /* FormatChallengeTimeUseCase.swift */ = {isa = PBXFileReference; lastKnownFileType = sourcecode.swift; path = FormatChallengeTimeUseCase.swift; sourceTree = "<group>"; };
		0E35E77A2D12D23C0003B857 /* UnsplashImage.swift */ = {isa = PBXFileReference; lastKnownFileType = sourcecode.swift; path = UnsplashImage.swift; sourceTree = "<group>"; };
		0E35E77C2D12D7E60003B857 /* DiscoverViewModel.swift */ = {isa = PBXFileReference; lastKnownFileType = sourcecode.swift; path = DiscoverViewModel.swift; sourceTree = "<group>"; };
		0E35E77E2D12DB1A0003B857 /* DiscoverView.swift */ = {isa = PBXFileReference; lastKnownFileType = sourcecode.swift; path = DiscoverView.swift; sourceTree = "<group>"; };
		0E35E7882D12F8EA0003B857 /* CachedAsyncImage.swift */ = {isa = PBXFileReference; lastKnownFileType = sourcecode.swift; path = CachedAsyncImage.swift; sourceTree = "<group>"; };
		0E35E78C2D1301B20003B857 /* CustomSegmentedControl.swift */ = {isa = PBXFileReference; lastKnownFileType = sourcecode.swift; path = CustomSegmentedControl.swift; sourceTree = "<group>"; };
		0E35E78E2D1301C30003B857 /* CustomSegmentItem.swift */ = {isa = PBXFileReference; lastKnownFileType = sourcecode.swift; path = CustomSegmentItem.swift; sourceTree = "<group>"; };
		0E35E7902D1302500003B857 /* MosaicSegmentedDemo.swift */ = {isa = PBXFileReference; lastKnownFileType = sourcecode.swift; path = MosaicSegmentedDemo.swift; sourceTree = "<group>"; };
		0E4F464C2D1336D400BB74F6 /* HomeTab.swift */ = {isa = PBXFileReference; lastKnownFileType = sourcecode.swift; path = HomeTab.swift; sourceTree = "<group>"; };
		0E4F464F2D13370E00BB74F6 /* HomeViewModel.swift */ = {isa = PBXFileReference; lastKnownFileType = sourcecode.swift; path = HomeViewModel.swift; sourceTree = "<group>"; };
		0E4F46522D13373300BB74F6 /* HomeView.swift */ = {isa = PBXFileReference; lastKnownFileType = sourcecode.swift; path = HomeView.swift; sourceTree = "<group>"; };
		0E4F465D2D133C5E00BB74F6 /* ChallengeInfoView.swift */ = {isa = PBXFileReference; lastKnownFileType = sourcecode.swift; path = ChallengeInfoView.swift; sourceTree = "<group>"; };
		0E4F465E2D133C5E00BB74F6 /* ErrorView.swift */ = {isa = PBXFileReference; lastKnownFileType = sourcecode.swift; path = ErrorView.swift; sourceTree = "<group>"; };
		0E4F465F2D133C5E00BB74F6 /* ParticipateButton.swift */ = {isa = PBXFileReference; lastKnownFileType = sourcecode.swift; path = ParticipateButton.swift; sourceTree = "<group>"; };
		0E4F46602D133C5E00BB74F6 /* ParticipationsGridView.swift */ = {isa = PBXFileReference; lastKnownFileType = sourcecode.swift; path = ParticipationsGridView.swift; sourceTree = "<group>"; };
		0E4F46612D133C5E00BB74F6 /* PreviousChallengeHeader.swift */ = {isa = PBXFileReference; lastKnownFileType = sourcecode.swift; path = PreviousChallengeHeader.swift; sourceTree = "<group>"; };
		0E4F46622D133C5E00BB74F6 /* TimeRemainingView.swift */ = {isa = PBXFileReference; lastKnownFileType = sourcecode.swift; path = TimeRemainingView.swift; sourceTree = "<group>"; };
		0E4F466B2D133CCE00BB74F6 /* MasonryLayout.swift */ = {isa = PBXFileReference; lastKnownFileType = sourcecode.swift; path = MasonryLayout.swift; sourceTree = "<group>"; };
		0E4F466D2D133CCE00BB74F6 /* InfiniteScrollModifier.swift */ = {isa = PBXFileReference; lastKnownFileType = sourcecode.swift; path = InfiniteScrollModifier.swift; sourceTree = "<group>"; };
		0E4F46732D133FF500BB74F6 /* Tab.swift */ = {isa = PBXFileReference; lastKnownFileType = sourcecode.swift; path = Tab.swift; sourceTree = "<group>"; };
		0E4F46752D13407D00BB74F6 /* ExplorerView.swift */ = {isa = PBXFileReference; lastKnownFileType = sourcecode.swift; path = ExplorerView.swift; sourceTree = "<group>"; };
		14374FAE2B989FD500131332 /* New Apps Test.app */ = {isa = PBXFileReference; explicitFileType = wrapper.application; includeInIndex = 0; path = "New Apps Test.app"; sourceTree = BUILT_PRODUCTS_DIR; };
		14374FB12B989FD500131332 /* New_Apps_TestApp.swift */ = {isa = PBXFileReference; lastKnownFileType = sourcecode.swift; path = New_Apps_TestApp.swift; sourceTree = "<group>"; };
		14374FB52B989FD700131332 /* Assets.xcassets */ = {isa = PBXFileReference; lastKnownFileType = folder.assetcatalog; path = Assets.xcassets; sourceTree = "<group>"; };
		14374FB72B989FD700131332 /* New_Apps_Test.entitlements */ = {isa = PBXFileReference; lastKnownFileType = text.plist.entitlements; path = New_Apps_Test.entitlements; sourceTree = "<group>"; };
		14374FB92B989FD700131332 /* Preview Assets.xcassets */ = {isa = PBXFileReference; lastKnownFileType = folder.assetcatalog; path = "Preview Assets.xcassets"; sourceTree = "<group>"; };
		14374FBF2B989FD700131332 /* New Apps TestTests.xctest */ = {isa = PBXFileReference; explicitFileType = wrapper.cfbundle; includeInIndex = 0; path = "New Apps TestTests.xctest"; sourceTree = BUILT_PRODUCTS_DIR; };
		14374FC32B989FD700131332 /* New_Apps_TestTests.swift */ = {isa = PBXFileReference; lastKnownFileType = sourcecode.swift; path = New_Apps_TestTests.swift; sourceTree = "<group>"; };
		14374FC92B989FD700131332 /* New Apps TestUITests.xctest */ = {isa = PBXFileReference; explicitFileType = wrapper.cfbundle; includeInIndex = 0; path = "New Apps TestUITests.xctest"; sourceTree = BUILT_PRODUCTS_DIR; };
		14374FCD2B989FD700131332 /* New_Apps_TestUITests.swift */ = {isa = PBXFileReference; lastKnownFileType = sourcecode.swift; path = New_Apps_TestUITests.swift; sourceTree = "<group>"; };
		14374FCF2B989FD700131332 /* New_Apps_TestUITestsLaunchTests.swift */ = {isa = PBXFileReference; lastKnownFileType = sourcecode.swift; path = New_Apps_TestUITestsLaunchTests.swift; sourceTree = "<group>"; };
		14374FDC2B98A02600131332 /* UnsplashService.swift */ = {isa = PBXFileReference; lastKnownFileType = sourcecode.swift; path = UnsplashService.swift; sourceTree = "<group>"; };
		14BEC9942C2DC39B009D8493 /* ThreadChatView.swift */ = {isa = PBXFileReference; lastKnownFileType = sourcecode.swift; path = ThreadChatView.swift; sourceTree = "<group>"; };
		14BEC9962C2DC3B5009D8493 /* User.swift */ = {isa = PBXFileReference; lastKnownFileType = sourcecode.swift; path = User.swift; sourceTree = "<group>"; };
		14BEC9982C2DC3D6009D8493 /* Thread.swift */ = {isa = PBXFileReference; lastKnownFileType = sourcecode.swift; path = Thread.swift; sourceTree = "<group>"; };
		14BEC99A2C2DC3E1009D8493 /* SharedPhoto.swift */ = {isa = PBXFileReference; lastKnownFileType = sourcecode.swift; path = SharedPhoto.swift; sourceTree = "<group>"; };
		14C4BCC52B98A97F007B818F /* README.md */ = {isa = PBXFileReference; lastKnownFileType = net.daringfireball.markdown; path = README.md; sourceTree = "<group>"; };
		14E2F7352B9F6385007CCA2C /* ChatService.swift */ = {isa = PBXFileReference; lastKnownFileType = sourcecode.swift; path = ChatService.swift; sourceTree = "<group>"; };
/* End PBXFileReference section */

/* Begin PBXFrameworksBuildPhase section */
		14374FAB2B989FD500131332 /* Frameworks */ = {
			isa = PBXFrameworksBuildPhase;
			buildActionMask = 2147483647;
			files = (
				0E35E7792D12D1460003B857 /* NetworkClient in Frameworks */,
			);
			runOnlyForDeploymentPostprocessing = 0;
		};
		14374FBC2B989FD700131332 /* Frameworks */ = {
			isa = PBXFrameworksBuildPhase;
			buildActionMask = 2147483647;
			files = (
			);
			runOnlyForDeploymentPostprocessing = 0;
		};
		14374FC62B989FD700131332 /* Frameworks */ = {
			isa = PBXFrameworksBuildPhase;
			buildActionMask = 2147483647;
			files = (
			);
			runOnlyForDeploymentPostprocessing = 0;
		};
/* End PBXFrameworksBuildPhase section */

/* Begin PBXGroup section */
		048E7C6F2C32AC9E00B653F4 /* Models */ = {
			isa = PBXGroup;
			children = (
				0E35E77A2D12D23C0003B857 /* UnsplashImage.swift */,
				14BEC9962C2DC3B5009D8493 /* User.swift */,
				14BEC9982C2DC3D6009D8493 /* Thread.swift */,
				14BEC99A2C2DC3E1009D8493 /* SharedPhoto.swift */,
			);
			path = Models;
			sourceTree = "<group>";
		};
		048E7C702C32ACA700B653F4 /* Services */ = {
			isa = PBXGroup;
			children = (
				14374FDC2B98A02600131332 /* UnsplashService.swift */,
				14E2F7352B9F6385007CCA2C /* ChatService.swift */,
			);
			path = Services;
			sourceTree = "<group>";
		};
		048E7C712C32ACB000B653F4 /* Views */ = {
			isa = PBXGroup;
			children = (
				0E35E76D2D123B660003B857 /* PolaroidCircle */,
				048E7C652C2F08B500B653F4 /* RootView.swift */,
				14BEC9942C2DC39B009D8493 /* ThreadChatView.swift */,
				048E7C6B2C2F3C6000B653F4 /* FriendsView.swift */,
				048E7C672C2F08EA00B653F4 /* SettingsView.swift */,
			);
			path = Views;
			sourceTree = "<group>";
		};
		0E2E59232D11C7FC006A3F95 /* Challenge */ = {
			isa = PBXGroup;
			children = (
				0E4F46722D133DB200BB74F6 /* Common */,
				0E4F46572D1339C500BB74F6 /* TodayChallenge */,
				0E4F46542D13391400BB74F6 /* Explorer */,
			);
			path = Challenge;
			sourceTree = "<group>";
		};
		0E2E59242D11C803006A3F95 /* Models */ = {
			isa = PBXGroup;
			children = (
				0E35E7642D11E54F0003B857 /* Participation.swift */,
				0E35E7622D11E5430003B857 /* ParticipationState.swift */,
				0E2E59252D11C80B006A3F95 /* Challenge.swift */,
			);
			path = Models;
			sourceTree = "<group>";
		};
		0E2E59272D11C827006A3F95 /* Service */ = {
			isa = PBXGroup;
			children = (
				0E2E592A2D11C958006A3F95 /* MockChallengeService.swift */,
				0E2E59282D11C82D006A3F95 /* ChallengeService.swift */,
			);
			path = Service;
			sourceTree = "<group>";
		};
		0E35E74D2D11CFDB0003B857 /* Features */ = {
			isa = PBXGroup;
			children = (
				0E4F464A2D1336C800BB74F6 /* Home */,
				0E2E59232D11C7FC006A3F95 /* Challenge */,
			);
			path = Features;
			sourceTree = "<group>";
		};
		0E35E75F2D11D7590003B857 /* Mocks */ = {
			isa = PBXGroup;
			children = (
				0E35E7602D11D75C0003B857 /* Mocks.swift */,
			);
			path = Mocks;
			sourceTree = "<group>";
		};
		0E35E7682D12388A0003B857 /* Core */ = {
			isa = PBXGroup;
			children = (
				0E35E78B2D1301A50003B857 /* CustomSegmentedControl */,
				0E35E7882D12F8EA0003B857 /* CachedAsyncImage.swift */,
				0E35E78A2D13019F0003B857 /* HapticManager */,
			);
			path = Core;
			sourceTree = "<group>";
		};
		0E35E76D2D123B660003B857 /* PolaroidCircle */ = {
			isa = PBXGroup;
			children = (
				0E35E76E2D123BC60003B857 /* PolaroidFrame.swift */,
				0E35E7662D121B440003B857 /* PolaroidCircleView.swift */,
			);
			path = PolaroidCircle;
			sourceTree = "<group>";
		};
		0E35E7722D12C2E10003B857 /* UseCases */ = {
			isa = PBXGroup;
			children = (
				0E35E7752D12C44D0003B857 /* FormatChallengeTimeUseCase.swift */,
			);
			path = UseCases;
			sourceTree = "<group>";
		};
		0E35E78A2D13019F0003B857 /* HapticManager */ = {
			isa = PBXGroup;
			children = (
				0E35E76B2D123B110003B857 /* HapticManaging.swift */,
				0E35E7692D12388E0003B857 /* HapticManager.swift */,
			);
			path = HapticManager;
			sourceTree = "<group>";
		};
		0E35E78B2D1301A50003B857 /* CustomSegmentedControl */ = {
			isa = PBXGroup;
			children = (
				0E35E7902D1302500003B857 /* MosaicSegmentedDemo.swift */,
				0E35E78E2D1301C30003B857 /* CustomSegmentItem.swift */,
				0E35E78C2D1301B20003B857 /* CustomSegmentedControl.swift */,
			);
			path = CustomSegmentedControl;
			sourceTree = "<group>";
		};
		0E4F464A2D1336C800BB74F6 /* Home */ = {
			isa = PBXGroup;
			children = (
				0E4F46512D13372900BB74F6 /* Views */,
				0E4F464E2D13370300BB74F6 /* ViewModels */,
				0E4F464B2D1336D200BB74F6 /* Models */,
			);
			path = Home;
			sourceTree = "<group>";
		};
		0E4F464B2D1336D200BB74F6 /* Models */ = {
			isa = PBXGroup;
			children = (
				0E4F46732D133FF500BB74F6 /* Tab.swift */,
				0E4F464C2D1336D400BB74F6 /* HomeTab.swift */,
			);
			path = Models;
			sourceTree = "<group>";
		};
		0E4F464E2D13370300BB74F6 /* ViewModels */ = {
			isa = PBXGroup;
			children = (
				0E4F464F2D13370E00BB74F6 /* HomeViewModel.swift */,
			);
			path = ViewModels;
			sourceTree = "<group>";
		};
		0E4F46512D13372900BB74F6 /* Views */ = {
			isa = PBXGroup;
			children = (
				0E4F46522D13373300BB74F6 /* HomeView.swift */,
			);
			path = Views;
			sourceTree = "<group>";
		};
		0E4F46542D13391400BB74F6 /* Explorer */ = {
			isa = PBXGroup;
			children = (
				0E4F46782D13420D00BB74F6 /* Views */,
				0E4F46772D1340A800BB74F6 /* Discover */,
				0E4F465A2D133B3400BB74F6 /* Friends */,
			);
			path = Explorer;
			sourceTree = "<group>";
		};
		0E4F46552D13395000BB74F6 /* Views */ = {
			isa = PBXGroup;
			children = (
				0E35E77E2D12DB1A0003B857 /* DiscoverView.swift */,
			);
			path = Views;
			sourceTree = "<group>";
		};
		0E4F46562D13396F00BB74F6 /* ViewModels */ = {
			isa = PBXGroup;
			children = (
				0E35E77C2D12D7E60003B857 /* DiscoverViewModel.swift */,
			);
			path = ViewModels;
			sourceTree = "<group>";
		};
		0E4F46572D1339C500BB74F6 /* TodayChallenge */ = {
			isa = PBXGroup;
			children = (
				0E4F46592D133A0E00BB74F6 /* Views */,
				0E4F46582D133A0700BB74F6 /* ViewModels */,
			);
			path = TodayChallenge;
			sourceTree = "<group>";
		};
		0E4F46582D133A0700BB74F6 /* ViewModels */ = {
			isa = PBXGroup;
			children = (
				0E35E7502D11CFF30003B857 /* TodayChallengeViewModel.swift */,
			);
			path = ViewModels;
			sourceTree = "<group>";
		};
		0E4F46592D133A0E00BB74F6 /* Views */ = {
			isa = PBXGroup;
			children = (
				0E35E7522D11D00B0003B857 /* TodayChallengeView.swift */,
			);
			path = Views;
			sourceTree = "<group>";
		};
		0E4F465A2D133B3400BB74F6 /* Friends */ = {
			isa = PBXGroup;
			children = (
			);
			path = Friends;
			sourceTree = "<group>";
		};
		0E4F46632D133C5E00BB74F6 /* Components */ = {
			isa = PBXGroup;
			children = (
				0E4F465D2D133C5E00BB74F6 /* ChallengeInfoView.swift */,
				0E4F465E2D133C5E00BB74F6 /* ErrorView.swift */,
				0E4F465F2D133C5E00BB74F6 /* ParticipateButton.swift */,
				0E4F46602D133C5E00BB74F6 /* ParticipationsGridView.swift */,
				0E4F46612D133C5E00BB74F6 /* PreviousChallengeHeader.swift */,
				0E4F46622D133C5E00BB74F6 /* TimeRemainingView.swift */,
			);
			path = Components;
			sourceTree = "<group>";
		};
		0E4F466C2D133CCE00BB74F6 /* Layout */ = {
			isa = PBXGroup;
			children = (
				0E4F466B2D133CCE00BB74F6 /* MasonryLayout.swift */,
			);
			path = Layout;
			sourceTree = "<group>";
		};
		0E4F466E2D133CCE00BB74F6 /* Modifiers */ = {
			isa = PBXGroup;
			children = (
				0E4F466D2D133CCE00BB74F6 /* InfiniteScrollModifier.swift */,
			);
			path = Modifiers;
			sourceTree = "<group>";
		};
		0E4F466F2D133CCE00BB74F6 /* Views */ = {
			isa = PBXGroup;
			children = (
				0E4F46632D133C5E00BB74F6 /* Components */,
				0E4F466E2D133CCE00BB74F6 /* Modifiers */,
				0E4F466C2D133CCE00BB74F6 /* Layout */,
				048E7C6D2C2F3CE900B653F4 /* ChallengeSubmissionView.swift */,
			);
			path = Views;
			sourceTree = "<group>";
		};
		0E4F46722D133DB200BB74F6 /* Common */ = {
			isa = PBXGroup;
			children = (
				0E4F466F2D133CCE00BB74F6 /* Views */,
				0E35E7722D12C2E10003B857 /* UseCases */,
				0E2E59272D11C827006A3F95 /* Service */,
				0E2E59242D11C803006A3F95 /* Models */,
			);
			path = Common;
			sourceTree = "<group>";
		};
		0E4F46772D1340A800BB74F6 /* Discover */ = {
			isa = PBXGroup;
			children = (
				0E4F46562D13396F00BB74F6 /* ViewModels */,
				0E4F46552D13395000BB74F6 /* Views */,
			);
			path = Discover;
			sourceTree = "<group>";
		};
		0E4F46782D13420D00BB74F6 /* Views */ = {
			isa = PBXGroup;
			children = (
				0E4F46752D13407D00BB74F6 /* ExplorerView.swift */,
			);
			path = Views;
			sourceTree = "<group>";
		};
		14374FA52B989FD500131332 = {
			isa = PBXGroup;
			children = (
				14C4BCC52B98A97F007B818F /* README.md */,
				14374FB02B989FD500131332 /* New Apps Test */,
				14374FC22B989FD700131332 /* New Apps TestTests */,
				14374FCC2B989FD700131332 /* New Apps TestUITests */,
				14374FAF2B989FD500131332 /* Products */,
			);
			sourceTree = "<group>";
		};
		14374FAF2B989FD500131332 /* Products */ = {
			isa = PBXGroup;
			children = (
				14374FAE2B989FD500131332 /* New Apps Test.app */,
				14374FBF2B989FD700131332 /* New Apps TestTests.xctest */,
				14374FC92B989FD700131332 /* New Apps TestUITests.xctest */,
			);
			name = Products;
			sourceTree = "<group>";
		};
		14374FB02B989FD500131332 /* New Apps Test */ = {
			isa = PBXGroup;
			children = (
				0E35E7682D12388A0003B857 /* Core */,
				0E35E75F2D11D7590003B857 /* Mocks */,
				0E35E74D2D11CFDB0003B857 /* Features */,
				14374FB12B989FD500131332 /* New_Apps_TestApp.swift */,
				048E7C712C32ACB000B653F4 /* Views */,
				048E7C702C32ACA700B653F4 /* Services */,
				048E7C6F2C32AC9E00B653F4 /* Models */,
				14374FB52B989FD700131332 /* Assets.xcassets */,
				14374FB72B989FD700131332 /* New_Apps_Test.entitlements */,
				14374FB82B989FD700131332 /* Preview Content */,
			);
			path = "New Apps Test";
			sourceTree = "<group>";
		};
		14374FB82B989FD700131332 /* Preview Content */ = {
			isa = PBXGroup;
			children = (
				14374FB92B989FD700131332 /* Preview Assets.xcassets */,
			);
			path = "Preview Content";
			sourceTree = "<group>";
		};
		14374FC22B989FD700131332 /* New Apps TestTests */ = {
			isa = PBXGroup;
			children = (
				14374FC32B989FD700131332 /* New_Apps_TestTests.swift */,
			);
			path = "New Apps TestTests";
			sourceTree = "<group>";
		};
		14374FCC2B989FD700131332 /* New Apps TestUITests */ = {
			isa = PBXGroup;
			children = (
				14374FCD2B989FD700131332 /* New_Apps_TestUITests.swift */,
				14374FCF2B989FD700131332 /* New_Apps_TestUITestsLaunchTests.swift */,
			);
			path = "New Apps TestUITests";
			sourceTree = "<group>";
		};
/* End PBXGroup section */

/* Begin PBXNativeTarget section */
		14374FAD2B989FD500131332 /* New Apps Test */ = {
			isa = PBXNativeTarget;
			buildConfigurationList = 14374FD32B989FD700131332 /* Build configuration list for PBXNativeTarget "New Apps Test" */;
			buildPhases = (
				14374FAA2B989FD500131332 /* Sources */,
				14374FAB2B989FD500131332 /* Frameworks */,
				14374FAC2B989FD500131332 /* Resources */,
			);
			buildRules = (
			);
			dependencies = (
			);
			name = "New Apps Test";
			productName = "New Apps Test";
			productReference = 14374FAE2B989FD500131332 /* New Apps Test.app */;
			productType = "com.apple.product-type.application";
		};
		14374FBE2B989FD700131332 /* New Apps TestTests */ = {
			isa = PBXNativeTarget;
			buildConfigurationList = 14374FD62B989FD700131332 /* Build configuration list for PBXNativeTarget "New Apps TestTests" */;
			buildPhases = (
				14374FBB2B989FD700131332 /* Sources */,
				14374FBC2B989FD700131332 /* Frameworks */,
				14374FBD2B989FD700131332 /* Resources */,
			);
			buildRules = (
			);
			dependencies = (
				14374FC12B989FD700131332 /* PBXTargetDependency */,
			);
			name = "New Apps TestTests";
			productName = "New Apps TestTests";
			productReference = 14374FBF2B989FD700131332 /* New Apps TestTests.xctest */;
			productType = "com.apple.product-type.bundle.unit-test";
		};
		14374FC82B989FD700131332 /* New Apps TestUITests */ = {
			isa = PBXNativeTarget;
			buildConfigurationList = 14374FD92B989FD700131332 /* Build configuration list for PBXNativeTarget "New Apps TestUITests" */;
			buildPhases = (
				14374FC52B989FD700131332 /* Sources */,
				14374FC62B989FD700131332 /* Frameworks */,
				14374FC72B989FD700131332 /* Resources */,
			);
			buildRules = (
			);
			dependencies = (
				14374FCB2B989FD700131332 /* PBXTargetDependency */,
			);
			name = "New Apps TestUITests";
			productName = "New Apps TestUITests";
			productReference = 14374FC92B989FD700131332 /* New Apps TestUITests.xctest */;
			productType = "com.apple.product-type.bundle.ui-testing";
		};
/* End PBXNativeTarget section */

/* Begin PBXProject section */
		14374FA62B989FD500131332 /* Project object */ = {
			isa = PBXProject;
			attributes = {
				BuildIndependentTargetsInParallel = 1;
				LastSwiftUpdateCheck = 1530;
				LastUpgradeCheck = 1530;
				TargetAttributes = {
					14374FAD2B989FD500131332 = {
						CreatedOnToolsVersion = 15.3;
					};
					14374FBE2B989FD700131332 = {
						CreatedOnToolsVersion = 15.3;
						TestTargetID = 14374FAD2B989FD500131332;
					};
					14374FC82B989FD700131332 = {
						CreatedOnToolsVersion = 15.3;
						TestTargetID = 14374FAD2B989FD500131332;
					};
				};
			};
			buildConfigurationList = 14374FA92B989FD500131332 /* Build configuration list for PBXProject "New Apps Test" */;
			compatibilityVersion = "Xcode 14.0";
			developmentRegion = en;
			hasScannedForEncodings = 0;
			knownRegions = (
				en,
				Base,
			);
			mainGroup = 14374FA52B989FD500131332;
			packageReferences = (
				0E35E7772D12D1450003B857 /* XCLocalSwiftPackageReference "NetworkClient" */,
			);
			productRefGroup = 14374FAF2B989FD500131332 /* Products */;
			projectDirPath = "";
			projectRoot = "";
			targets = (
				14374FAD2B989FD500131332 /* New Apps Test */,
				14374FBE2B989FD700131332 /* New Apps TestTests */,
				14374FC82B989FD700131332 /* New Apps TestUITests */,
			);
		};
/* End PBXProject section */

/* Begin PBXResourcesBuildPhase section */
		14374FAC2B989FD500131332 /* Resources */ = {
			isa = PBXResourcesBuildPhase;
			buildActionMask = 2147483647;
			files = (
				14374FBA2B989FD700131332 /* Preview Assets.xcassets in Resources */,
				14374FB62B989FD700131332 /* Assets.xcassets in Resources */,
			);
			runOnlyForDeploymentPostprocessing = 0;
		};
		14374FBD2B989FD700131332 /* Resources */ = {
			isa = PBXResourcesBuildPhase;
			buildActionMask = 2147483647;
			files = (
			);
			runOnlyForDeploymentPostprocessing = 0;
		};
		14374FC72B989FD700131332 /* Resources */ = {
			isa = PBXResourcesBuildPhase;
			buildActionMask = 2147483647;
			files = (
			);
			runOnlyForDeploymentPostprocessing = 0;
		};
/* End PBXResourcesBuildPhase section */

/* Begin PBXSourcesBuildPhase section */
		14374FAA2B989FD500131332 /* Sources */ = {
			isa = PBXSourcesBuildPhase;
			buildActionMask = 2147483647;
			files = (
				0E4F46652D133C5E00BB74F6 /* ErrorView.swift in Sources */,
				0E4F46662D133C5E00BB74F6 /* ChallengeInfoView.swift in Sources */,
				0E4F46672D133C5E00BB74F6 /* ParticipationsGridView.swift in Sources */,
				0E4F46682D133C5E00BB74F6 /* ParticipateButton.swift in Sources */,
				0E4F46692D133C5E00BB74F6 /* PreviousChallengeHeader.swift in Sources */,
				0E4F466A2D133C5E00BB74F6 /* TimeRemainingView.swift in Sources */,
				0E35E76A2D12388E0003B857 /* HapticManager.swift in Sources */,
				0E4F46502D13370E00BB74F6 /* HomeViewModel.swift in Sources */,
				14BEC99B2C2DC3E1009D8493 /* SharedPhoto.swift in Sources */,
				0E4F46532D13373300BB74F6 /* HomeView.swift in Sources */,
				0E35E77F2D12DB1A0003B857 /* DiscoverView.swift in Sources */,
				0E2E59262D11C80B006A3F95 /* Challenge.swift in Sources */,
				0E35E7892D12F8EA0003B857 /* CachedAsyncImage.swift in Sources */,
				0E35E7512D11CFF30003B857 /* TodayChallengeViewModel.swift in Sources */,
				14E2F7362B9F6385007CCA2C /* ChatService.swift in Sources */,
				0E35E7532D11D00B0003B857 /* TodayChallengeView.swift in Sources */,
				0E35E77D2D12D7E60003B857 /* DiscoverViewModel.swift in Sources */,
				0E4F464D2D1336D400BB74F6 /* HomeTab.swift in Sources */,
				0E35E7652D11E54F0003B857 /* Participation.swift in Sources */,
				0E35E7612D11D75C0003B857 /* Mocks.swift in Sources */,
				0E35E7672D121B440003B857 /* PolaroidCircleView.swift in Sources */,
				0E4F46762D13407D00BB74F6 /* ExplorerView.swift in Sources */,
				14BEC9972C2DC3B5009D8493 /* User.swift in Sources */,
				0E35E7912D1302500003B857 /* MosaicSegmentedDemo.swift in Sources */,
				0E35E76F2D123BC60003B857 /* PolaroidFrame.swift in Sources */,
				0E35E7632D11E5430003B857 /* ParticipationState.swift in Sources */,
				14BEC9952C2DC39B009D8493 /* ThreadChatView.swift in Sources */,
				0E4F46702D133CCE00BB74F6 /* InfiniteScrollModifier.swift in Sources */,
				0E4F46712D133CCE00BB74F6 /* MasonryLayout.swift in Sources */,
				0E35E78D2D1301B20003B857 /* CustomSegmentedControl.swift in Sources */,
				048E7C6C2C2F3C6000B653F4 /* FriendsView.swift in Sources */,
				0E35E7762D12C44D0003B857 /* FormatChallengeTimeUseCase.swift in Sources */,
				048E7C682C2F08EA00B653F4 /* SettingsView.swift in Sources */,
				0E35E77B2D12D23C0003B857 /* UnsplashImage.swift in Sources */,
				0E35E76C2D123B110003B857 /* HapticManaging.swift in Sources */,
				0E35E78F2D1301C30003B857 /* CustomSegmentItem.swift in Sources */,
				14374FB22B989FD500131332 /* New_Apps_TestApp.swift in Sources */,
				0E4F46742D133FF500BB74F6 /* Tab.swift in Sources */,
				048E7C6E2C2F3CE900B653F4 /* ChallengeSubmissionView.swift in Sources */,
				14BEC9992C2DC3D6009D8493 /* Thread.swift in Sources */,
				0E2E59292D11C82D006A3F95 /* ChallengeService.swift in Sources */,
				048E7C662C2F08B500B653F4 /* RootView.swift in Sources */,
				14374FDD2B98A02600131332 /* UnsplashService.swift in Sources */,
				0E2E592B2D11C958006A3F95 /* MockChallengeService.swift in Sources */,
			);
			runOnlyForDeploymentPostprocessing = 0;
		};
		14374FBB2B989FD700131332 /* Sources */ = {
			isa = PBXSourcesBuildPhase;
			buildActionMask = 2147483647;
			files = (
				14374FC42B989FD700131332 /* New_Apps_TestTests.swift in Sources */,
			);
			runOnlyForDeploymentPostprocessing = 0;
		};
		14374FC52B989FD700131332 /* Sources */ = {
			isa = PBXSourcesBuildPhase;
			buildActionMask = 2147483647;
			files = (
				14374FCE2B989FD700131332 /* New_Apps_TestUITests.swift in Sources */,
				14374FD02B989FD700131332 /* New_Apps_TestUITestsLaunchTests.swift in Sources */,
			);
			runOnlyForDeploymentPostprocessing = 0;
		};
/* End PBXSourcesBuildPhase section */

/* Begin PBXTargetDependency section */
		14374FC12B989FD700131332 /* PBXTargetDependency */ = {
			isa = PBXTargetDependency;
			target = 14374FAD2B989FD500131332 /* New Apps Test */;
			targetProxy = 14374FC02B989FD700131332 /* PBXContainerItemProxy */;
		};
		14374FCB2B989FD700131332 /* PBXTargetDependency */ = {
			isa = PBXTargetDependency;
			target = 14374FAD2B989FD500131332 /* New Apps Test */;
			targetProxy = 14374FCA2B989FD700131332 /* PBXContainerItemProxy */;
		};
/* End PBXTargetDependency section */

/* Begin XCBuildConfiguration section */
		14374FD12B989FD700131332 /* Debug */ = {
			isa = XCBuildConfiguration;
			buildSettings = {
				ALWAYS_SEARCH_USER_PATHS = NO;
				ASSETCATALOG_COMPILER_GENERATE_SWIFT_ASSET_SYMBOL_EXTENSIONS = YES;
				CLANG_ANALYZER_NONNULL = YES;
				CLANG_ANALYZER_NUMBER_OBJECT_CONVERSION = YES_AGGRESSIVE;
				CLANG_CXX_LANGUAGE_STANDARD = "gnu++20";
				CLANG_ENABLE_MODULES = YES;
				CLANG_ENABLE_OBJC_ARC = YES;
				CLANG_ENABLE_OBJC_WEAK = YES;
				CLANG_WARN_BLOCK_CAPTURE_AUTORELEASING = YES;
				CLANG_WARN_BOOL_CONVERSION = YES;
				CLANG_WARN_COMMA = YES;
				CLANG_WARN_CONSTANT_CONVERSION = YES;
				CLANG_WARN_DEPRECATED_OBJC_IMPLEMENTATIONS = YES;
				CLANG_WARN_DIRECT_OBJC_ISA_USAGE = YES_ERROR;
				CLANG_WARN_DOCUMENTATION_COMMENTS = YES;
				CLANG_WARN_EMPTY_BODY = YES;
				CLANG_WARN_ENUM_CONVERSION = YES;
				CLANG_WARN_INFINITE_RECURSION = YES;
				CLANG_WARN_INT_CONVERSION = YES;
				CLANG_WARN_NON_LITERAL_NULL_CONVERSION = YES;
				CLANG_WARN_OBJC_IMPLICIT_RETAIN_SELF = YES;
				CLANG_WARN_OBJC_LITERAL_CONVERSION = YES;
				CLANG_WARN_OBJC_ROOT_CLASS = YES_ERROR;
				CLANG_WARN_QUOTED_INCLUDE_IN_FRAMEWORK_HEADER = YES;
				CLANG_WARN_RANGE_LOOP_ANALYSIS = YES;
				CLANG_WARN_STRICT_PROTOTYPES = YES;
				CLANG_WARN_SUSPICIOUS_MOVE = YES;
				CLANG_WARN_UNGUARDED_AVAILABILITY = YES_AGGRESSIVE;
				CLANG_WARN_UNREACHABLE_CODE = YES;
				CLANG_WARN__DUPLICATE_METHOD_MATCH = YES;
				COPY_PHASE_STRIP = NO;
				DEBUG_INFORMATION_FORMAT = dwarf;
				ENABLE_STRICT_OBJC_MSGSEND = YES;
				ENABLE_TESTABILITY = YES;
				ENABLE_USER_SCRIPT_SANDBOXING = YES;
				GCC_C_LANGUAGE_STANDARD = gnu17;
				GCC_DYNAMIC_NO_PIC = NO;
				GCC_NO_COMMON_BLOCKS = YES;
				GCC_OPTIMIZATION_LEVEL = 0;
				GCC_PREPROCESSOR_DEFINITIONS = (
					"DEBUG=1",
					"$(inherited)",
				);
				GCC_WARN_64_TO_32_BIT_CONVERSION = YES;
				GCC_WARN_ABOUT_RETURN_TYPE = YES_ERROR;
				GCC_WARN_UNDECLARED_SELECTOR = YES;
				GCC_WARN_UNINITIALIZED_AUTOS = YES_AGGRESSIVE;
				GCC_WARN_UNUSED_FUNCTION = YES;
				GCC_WARN_UNUSED_VARIABLE = YES;
				LOCALIZATION_PREFERS_STRING_CATALOGS = YES;
				MTL_ENABLE_DEBUG_INFO = INCLUDE_SOURCE;
				MTL_FAST_MATH = YES;
				ONLY_ACTIVE_ARCH = YES;
				SDKROOT = iphoneos;
				SWIFT_ACTIVE_COMPILATION_CONDITIONS = "DEBUG $(inherited)";
				SWIFT_OPTIMIZATION_LEVEL = "-Onone";
			};
			name = Debug;
		};
		14374FD22B989FD700131332 /* Release */ = {
			isa = XCBuildConfiguration;
			buildSettings = {
				ALWAYS_SEARCH_USER_PATHS = NO;
				ASSETCATALOG_COMPILER_GENERATE_SWIFT_ASSET_SYMBOL_EXTENSIONS = YES;
				CLANG_ANALYZER_NONNULL = YES;
				CLANG_ANALYZER_NUMBER_OBJECT_CONVERSION = YES_AGGRESSIVE;
				CLANG_CXX_LANGUAGE_STANDARD = "gnu++20";
				CLANG_ENABLE_MODULES = YES;
				CLANG_ENABLE_OBJC_ARC = YES;
				CLANG_ENABLE_OBJC_WEAK = YES;
				CLANG_WARN_BLOCK_CAPTURE_AUTORELEASING = YES;
				CLANG_WARN_BOOL_CONVERSION = YES;
				CLANG_WARN_COMMA = YES;
				CLANG_WARN_CONSTANT_CONVERSION = YES;
				CLANG_WARN_DEPRECATED_OBJC_IMPLEMENTATIONS = YES;
				CLANG_WARN_DIRECT_OBJC_ISA_USAGE = YES_ERROR;
				CLANG_WARN_DOCUMENTATION_COMMENTS = YES;
				CLANG_WARN_EMPTY_BODY = YES;
				CLANG_WARN_ENUM_CONVERSION = YES;
				CLANG_WARN_INFINITE_RECURSION = YES;
				CLANG_WARN_INT_CONVERSION = YES;
				CLANG_WARN_NON_LITERAL_NULL_CONVERSION = YES;
				CLANG_WARN_OBJC_IMPLICIT_RETAIN_SELF = YES;
				CLANG_WARN_OBJC_LITERAL_CONVERSION = YES;
				CLANG_WARN_OBJC_ROOT_CLASS = YES_ERROR;
				CLANG_WARN_QUOTED_INCLUDE_IN_FRAMEWORK_HEADER = YES;
				CLANG_WARN_RANGE_LOOP_ANALYSIS = YES;
				CLANG_WARN_STRICT_PROTOTYPES = YES;
				CLANG_WARN_SUSPICIOUS_MOVE = YES;
				CLANG_WARN_UNGUARDED_AVAILABILITY = YES_AGGRESSIVE;
				CLANG_WARN_UNREACHABLE_CODE = YES;
				CLANG_WARN__DUPLICATE_METHOD_MATCH = YES;
				COPY_PHASE_STRIP = NO;
				DEBUG_INFORMATION_FORMAT = "dwarf-with-dsym";
				ENABLE_NS_ASSERTIONS = NO;
				ENABLE_STRICT_OBJC_MSGSEND = YES;
				ENABLE_USER_SCRIPT_SANDBOXING = YES;
				GCC_C_LANGUAGE_STANDARD = gnu17;
				GCC_NO_COMMON_BLOCKS = YES;
				GCC_WARN_64_TO_32_BIT_CONVERSION = YES;
				GCC_WARN_ABOUT_RETURN_TYPE = YES_ERROR;
				GCC_WARN_UNDECLARED_SELECTOR = YES;
				GCC_WARN_UNINITIALIZED_AUTOS = YES_AGGRESSIVE;
				GCC_WARN_UNUSED_FUNCTION = YES;
				GCC_WARN_UNUSED_VARIABLE = YES;
				LOCALIZATION_PREFERS_STRING_CATALOGS = YES;
				MTL_ENABLE_DEBUG_INFO = NO;
				MTL_FAST_MATH = YES;
				SDKROOT = iphoneos;
				SWIFT_COMPILATION_MODE = wholemodule;
			};
			name = Release;
		};
		14374FD42B989FD700131332 /* Debug */ = {
			isa = XCBuildConfiguration;
			buildSettings = {
				ASSETCATALOG_COMPILER_APPICON_NAME = AppIcon;
				ASSETCATALOG_COMPILER_GLOBAL_ACCENT_COLOR_NAME = AccentColor;
				CODE_SIGN_ENTITLEMENTS = "New Apps Test/New_Apps_Test.entitlements";
				CODE_SIGN_STYLE = Automatic;
				CURRENT_PROJECT_VERSION = 1;
				DEVELOPMENT_ASSET_PATHS = "\"New Apps Test/Preview Content\"";
				DEVELOPMENT_TEAM = VFCCYA7L2H;
				ENABLE_PREVIEWS = YES;
				GENERATE_INFOPLIST_FILE = YES;
				INFOPLIST_KEY_LSApplicationCategoryType = "public.app-category.social-networking";
				"INFOPLIST_KEY_UIApplicationSceneManifest_Generation[sdk=iphoneos*]" = YES;
				"INFOPLIST_KEY_UIApplicationSceneManifest_Generation[sdk=iphonesimulator*]" = YES;
				"INFOPLIST_KEY_UIApplicationSupportsIndirectInputEvents[sdk=iphoneos*]" = YES;
				"INFOPLIST_KEY_UIApplicationSupportsIndirectInputEvents[sdk=iphonesimulator*]" = YES;
				"INFOPLIST_KEY_UILaunchScreen_Generation[sdk=iphoneos*]" = YES;
				"INFOPLIST_KEY_UILaunchScreen_Generation[sdk=iphonesimulator*]" = YES;
				"INFOPLIST_KEY_UIStatusBarStyle[sdk=iphoneos*]" = UIStatusBarStyleDefault;
				"INFOPLIST_KEY_UIStatusBarStyle[sdk=iphonesimulator*]" = UIStatusBarStyleDefault;
				INFOPLIST_KEY_UISupportedInterfaceOrientations_iPad = "UIInterfaceOrientationPortrait UIInterfaceOrientationPortraitUpsideDown UIInterfaceOrientationLandscapeLeft UIInterfaceOrientationLandscapeRight";
				INFOPLIST_KEY_UISupportedInterfaceOrientations_iPhone = "UIInterfaceOrientationPortrait UIInterfaceOrientationLandscapeLeft UIInterfaceOrientationLandscapeRight";
				IPHONEOS_DEPLOYMENT_TARGET = 17.4;
				LD_RUNPATH_SEARCH_PATHS = "@executable_path/Frameworks";
				"LD_RUNPATH_SEARCH_PATHS[sdk=macosx*]" = "@executable_path/../Frameworks";
				MACOSX_DEPLOYMENT_TARGET = 14.3;
				MARKETING_VERSION = 1.0;
				PRODUCT_BUNDLE_IDENTIFIER = "com.voodoo.New-Apps-Test";
				PRODUCT_NAME = "$(TARGET_NAME)";
				SDKROOT = auto;
				SUPPORTED_PLATFORMS = "iphoneos iphonesimulator";
				SUPPORTS_MACCATALYST = NO;
				SWIFT_EMIT_LOC_STRINGS = YES;
				SWIFT_VERSION = 5.0;
				TARGETED_DEVICE_FAMILY = "1,2";
			};
			name = Debug;
		};
		14374FD52B989FD700131332 /* Release */ = {
			isa = XCBuildConfiguration;
			buildSettings = {
				ASSETCATALOG_COMPILER_APPICON_NAME = AppIcon;
				ASSETCATALOG_COMPILER_GLOBAL_ACCENT_COLOR_NAME = AccentColor;
				CODE_SIGN_ENTITLEMENTS = "New Apps Test/New_Apps_Test.entitlements";
				CODE_SIGN_STYLE = Automatic;
				CURRENT_PROJECT_VERSION = 1;
				DEVELOPMENT_ASSET_PATHS = "\"New Apps Test/Preview Content\"";
				DEVELOPMENT_TEAM = VFCCYA7L2H;
				ENABLE_PREVIEWS = YES;
				GENERATE_INFOPLIST_FILE = YES;
				INFOPLIST_KEY_LSApplicationCategoryType = "public.app-category.social-networking";
				"INFOPLIST_KEY_UIApplicationSceneManifest_Generation[sdk=iphoneos*]" = YES;
				"INFOPLIST_KEY_UIApplicationSceneManifest_Generation[sdk=iphonesimulator*]" = YES;
				"INFOPLIST_KEY_UIApplicationSupportsIndirectInputEvents[sdk=iphoneos*]" = YES;
				"INFOPLIST_KEY_UIApplicationSupportsIndirectInputEvents[sdk=iphonesimulator*]" = YES;
				"INFOPLIST_KEY_UILaunchScreen_Generation[sdk=iphoneos*]" = YES;
				"INFOPLIST_KEY_UILaunchScreen_Generation[sdk=iphonesimulator*]" = YES;
				"INFOPLIST_KEY_UIStatusBarStyle[sdk=iphoneos*]" = UIStatusBarStyleDefault;
				"INFOPLIST_KEY_UIStatusBarStyle[sdk=iphonesimulator*]" = UIStatusBarStyleDefault;
				INFOPLIST_KEY_UISupportedInterfaceOrientations_iPad = "UIInterfaceOrientationPortrait UIInterfaceOrientationPortraitUpsideDown UIInterfaceOrientationLandscapeLeft UIInterfaceOrientationLandscapeRight";
				INFOPLIST_KEY_UISupportedInterfaceOrientations_iPhone = "UIInterfaceOrientationPortrait UIInterfaceOrientationLandscapeLeft UIInterfaceOrientationLandscapeRight";
				IPHONEOS_DEPLOYMENT_TARGET = 17.4;
				LD_RUNPATH_SEARCH_PATHS = "@executable_path/Frameworks";
				"LD_RUNPATH_SEARCH_PATHS[sdk=macosx*]" = "@executable_path/../Frameworks";
				MACOSX_DEPLOYMENT_TARGET = 14.3;
				MARKETING_VERSION = 1.0;
				PRODUCT_BUNDLE_IDENTIFIER = "com.voodoo.New-Apps-Test";
				PRODUCT_NAME = "$(TARGET_NAME)";
				SDKROOT = auto;
				SUPPORTED_PLATFORMS = "iphoneos iphonesimulator";
				SUPPORTS_MACCATALYST = NO;
				SWIFT_EMIT_LOC_STRINGS = YES;
				SWIFT_VERSION = 5.0;
				TARGETED_DEVICE_FAMILY = "1,2";
			};
			name = Release;
		};
		14374FD72B989FD700131332 /* Debug */ = {
			isa = XCBuildConfiguration;
			buildSettings = {
				ALWAYS_EMBED_SWIFT_STANDARD_LIBRARIES = YES;
				BUNDLE_LOADER = "$(TEST_HOST)";
				CODE_SIGN_STYLE = Automatic;
				CURRENT_PROJECT_VERSION = 1;
				GENERATE_INFOPLIST_FILE = YES;
				IPHONEOS_DEPLOYMENT_TARGET = 17.4;
				MACOSX_DEPLOYMENT_TARGET = 14.3;
				MARKETING_VERSION = 1.0;
				PRODUCT_BUNDLE_IDENTIFIER = "com.voodoo.New-Apps-TestTests";
				PRODUCT_NAME = "$(TARGET_NAME)";
				SDKROOT = auto;
				SUPPORTED_PLATFORMS = "iphoneos iphonesimulator macosx";
				SWIFT_EMIT_LOC_STRINGS = NO;
				SWIFT_VERSION = 5.0;
				TARGETED_DEVICE_FAMILY = "1,2";
				TEST_HOST = "$(BUILT_PRODUCTS_DIR)/New Apps Test.app/$(BUNDLE_EXECUTABLE_FOLDER_PATH)/New Apps Test";
			};
			name = Debug;
		};
		14374FD82B989FD700131332 /* Release */ = {
			isa = XCBuildConfiguration;
			buildSettings = {
				ALWAYS_EMBED_SWIFT_STANDARD_LIBRARIES = YES;
				BUNDLE_LOADER = "$(TEST_HOST)";
				CODE_SIGN_STYLE = Automatic;
				CURRENT_PROJECT_VERSION = 1;
				GENERATE_INFOPLIST_FILE = YES;
				IPHONEOS_DEPLOYMENT_TARGET = 17.4;
				MACOSX_DEPLOYMENT_TARGET = 14.3;
				MARKETING_VERSION = 1.0;
				PRODUCT_BUNDLE_IDENTIFIER = "com.voodoo.New-Apps-TestTests";
				PRODUCT_NAME = "$(TARGET_NAME)";
				SDKROOT = auto;
				SUPPORTED_PLATFORMS = "iphoneos iphonesimulator macosx";
				SWIFT_EMIT_LOC_STRINGS = NO;
				SWIFT_VERSION = 5.0;
				TARGETED_DEVICE_FAMILY = "1,2";
				TEST_HOST = "$(BUILT_PRODUCTS_DIR)/New Apps Test.app/$(BUNDLE_EXECUTABLE_FOLDER_PATH)/New Apps Test";
			};
			name = Release;
		};
		14374FDA2B989FD700131332 /* Debug */ = {
			isa = XCBuildConfiguration;
			buildSettings = {
				ALWAYS_EMBED_SWIFT_STANDARD_LIBRARIES = YES;
				CODE_SIGN_STYLE = Automatic;
				CURRENT_PROJECT_VERSION = 1;
				GENERATE_INFOPLIST_FILE = YES;
				IPHONEOS_DEPLOYMENT_TARGET = 17.4;
				MACOSX_DEPLOYMENT_TARGET = 14.3;
				MARKETING_VERSION = 1.0;
				PRODUCT_BUNDLE_IDENTIFIER = "com.voodoo.New-Apps-TestUITests";
				PRODUCT_NAME = "$(TARGET_NAME)";
				SDKROOT = auto;
				SUPPORTED_PLATFORMS = "iphoneos iphonesimulator macosx";
				SWIFT_EMIT_LOC_STRINGS = NO;
				SWIFT_VERSION = 5.0;
				TARGETED_DEVICE_FAMILY = "1,2";
				TEST_TARGET_NAME = "New Apps Test";
			};
			name = Debug;
		};
		14374FDB2B989FD700131332 /* Release */ = {
			isa = XCBuildConfiguration;
			buildSettings = {
				ALWAYS_EMBED_SWIFT_STANDARD_LIBRARIES = YES;
				CODE_SIGN_STYLE = Automatic;
				CURRENT_PROJECT_VERSION = 1;
				GENERATE_INFOPLIST_FILE = YES;
				IPHONEOS_DEPLOYMENT_TARGET = 17.4;
				MACOSX_DEPLOYMENT_TARGET = 14.3;
				MARKETING_VERSION = 1.0;
				PRODUCT_BUNDLE_IDENTIFIER = "com.voodoo.New-Apps-TestUITests";
				PRODUCT_NAME = "$(TARGET_NAME)";
				SDKROOT = auto;
				SUPPORTED_PLATFORMS = "iphoneos iphonesimulator macosx";
				SWIFT_EMIT_LOC_STRINGS = NO;
				SWIFT_VERSION = 5.0;
				TARGETED_DEVICE_FAMILY = "1,2";
				TEST_TARGET_NAME = "New Apps Test";
			};
			name = Release;
		};
/* End XCBuildConfiguration section */

/* Begin XCConfigurationList section */
		14374FA92B989FD500131332 /* Build configuration list for PBXProject "New Apps Test" */ = {
			isa = XCConfigurationList;
			buildConfigurations = (
				14374FD12B989FD700131332 /* Debug */,
				14374FD22B989FD700131332 /* Release */,
			);
			defaultConfigurationIsVisible = 0;
			defaultConfigurationName = Release;
		};
		14374FD32B989FD700131332 /* Build configuration list for PBXNativeTarget "New Apps Test" */ = {
			isa = XCConfigurationList;
			buildConfigurations = (
				14374FD42B989FD700131332 /* Debug */,
				14374FD52B989FD700131332 /* Release */,
			);
			defaultConfigurationIsVisible = 0;
			defaultConfigurationName = Release;
		};
		14374FD62B989FD700131332 /* Build configuration list for PBXNativeTarget "New Apps TestTests" */ = {
			isa = XCConfigurationList;
			buildConfigurations = (
				14374FD72B989FD700131332 /* Debug */,
				14374FD82B989FD700131332 /* Release */,
			);
			defaultConfigurationIsVisible = 0;
			defaultConfigurationName = Release;
		};
		14374FD92B989FD700131332 /* Build configuration list for PBXNativeTarget "New Apps TestUITests" */ = {
			isa = XCConfigurationList;
			buildConfigurations = (
				14374FDA2B989FD700131332 /* Debug */,
				14374FDB2B989FD700131332 /* Release */,
			);
			defaultConfigurationIsVisible = 0;
			defaultConfigurationName = Release;
		};
/* End XCConfigurationList section */

/* Begin XCLocalSwiftPackageReference section */
		0E35E7772D12D1450003B857 /* XCLocalSwiftPackageReference "NetworkClient" */ = {
			isa = XCLocalSwiftPackageReference;
			relativePath = NetworkClient;
		};
/* End XCLocalSwiftPackageReference section */

/* Begin XCSwiftPackageProductDependency section */
		0E35E7782D12D1460003B857 /* NetworkClient */ = {
			isa = XCSwiftPackageProductDependency;
			productName = NetworkClient;
		};
/* End XCSwiftPackageProductDependency section */
	};
	rootObject = 14374FA62B989FD500131332 /* Project object */;
}
